
Microsoft Visual Studio Solution File, Format Version 12.00
# Visual Studio 2013
VisualStudioVersion = 12.0.40629.0
MinimumVisualStudioVersion = 10.0.40219.1
Project("{FAE04EC0-301F-11D3-BF4B-00C04F79EFBC}") = "ASPProjectRedux", "ASPProjectRedux\ASPProjectRedux.csproj", "{5154F373-BEFE-43CA-9BBC-C65D1A9CBBEF}"
EndProject
Global
	GlobalSection(SolutionConfigurationPlatforms) = preSolution
		Debug|Any CPU = Debug|Any CPU
		Release|Any CPU = Release|Any CPU
	EndGlobalSection
	GlobalSection(ProjectConfigurationPlatforms) = postSolution
		{5154F373-BEFE-43CA-9BBC-C65D1A9CBBEF}.Debug|Any CPU.ActiveCfg = Debug|Any CPU
		{5154F373-BEFE-43CA-9BBC-C65D1A9CBBEF}.Debug|Any CPU.Build.0 = Debug|Any CPU
		{5154F373-BEFE-43CA-9BBC-C65D1A9CBBEF}.Release|Any CPU.ActiveCfg = Release|Any CPU
		{5154F373-BEFE-43CA-9BBC-C65D1A9CBBEF}.Release|Any CPU.Build.0 = Release|Any CPU
	EndGlobalSection
	GlobalSection(SolutionProperties) = preSolution
		HideSolutionNode = FALSE
	EndGlobalSection
	GlobalSection(ExtensibilityGlobals) = postSolution
		SolutionGuid = {8E077EBC-8BF3-422D-AF06-209B77F8A36D}
	EndGlobalSection
EndGlobal
